{
  "name": "docs",
  "lockfileVersion": 3,
  "requires": true,
  "packages": {
    "": {
      "dependencies": {
        "marked": "^3.0.8"
      }
    },
    "node_modules/marked": {
      "version": "3.0.8",
      "resolved": "https://registry.npmjs.org/marked/-/marked-3.0.8.tgz",
      "integrity": "sha512-0gVrAjo5m0VZSJb4rpL59K1unJAMb/hm8HRXqasD8VeC8m91ytDPMritgFSlKonfdt+rRYYpP/JfLxgIX8yoSw==",
      "bin": {
        "marked": "bin/marked"
      },
      "engines": {
        "node": ">= 12"
      }
    }
  }
}
